
Microsoft Visual Studio Solution File, Format Version 12.00
# Visual Studio 15
VisualStudioVersion = 15.0.28307.168
MinimumVisualStudioVersion = 10.0.40219.1
Project("{FAE04EC0-301F-11D3-BF4B-00C04F79EFBC}") = "BattleRoayleServer", "BattleRoayleServer\BattleRoayleServer.csproj", "{13541E0B-3412-4D56-9F3B-90965CD517CF}"
EndProject
Project("{FAE04EC0-301F-11D3-BF4B-00C04F79EFBC}") = "CSInteraction", "..\CSInteraction\CSInteraction\CSInteraction.csproj", "{CA5AA8CA-E6C9-42DB-B7EE-1D3028548AAB}"
EndProject
Project("{FAE04EC0-301F-11D3-BF4B-00C04F79EFBC}") = "BattleRoyalClient", "..\BattleRoyalClient\BattleRoyalClient\BattleRoyalClient.csproj", "{344FBC0A-193E-4EC0-A4A0-8FF63E83BC16}"
EndProject
Project("{FAE04EC0-301F-11D3-BF4B-00C04F79EFBC}") = "ServerTest", "ServerTest\ServerTest.csproj", "{99B07718-5F5E-4B6C-ACE1-39D8B21803CF}"
EndProject
Project("{FAE04EC0-301F-11D3-BF4B-00C04F79EFBC}") = "ObservalableExtended", "..\ObservalableExtended\ObservalableExtended.csproj", "{3DD3F7B6-4FCD-4BBA-994A-65AEA4BCB8F3}"
EndProject
Project("{FAE04EC0-301F-11D3-BF4B-00C04F79EFBC}") = "CommonLibrary", "..\CommonLibrary\CommonLibrary.csproj", "{623D822D-8C51-41CD-9E6D-D482E3848C04}"
EndProject
Global
	GlobalSection(SolutionConfigurationPlatforms) = preSolution
		Debug|Any CPU = Debug|Any CPU
		Release|Any CPU = Release|Any CPU
	EndGlobalSection
	GlobalSection(ProjectConfigurationPlatforms) = postSolution
		{13541E0B-3412-4D56-9F3B-90965CD517CF}.Debug|Any CPU.ActiveCfg = Debug|Any CPU
		{13541E0B-3412-4D56-9F3B-90965CD517CF}.Debug|Any CPU.Build.0 = Debug|Any CPU
		{13541E0B-3412-4D56-9F3B-90965CD517CF}.Release|Any CPU.ActiveCfg = Debug|Any CPU
		{13541E0B-3412-4D56-9F3B-90965CD517CF}.Release|Any CPU.Build.0 = Debug|Any CPU
		{CA5AA8CA-E6C9-42DB-B7EE-1D3028548AAB}.Debug|Any CPU.ActiveCfg = Debug|Any CPU
		{CA5AA8CA-E6C9-42DB-B7EE-1D3028548AAB}.Debug|Any CPU.Build.0 = Debug|Any CPU
		{CA5AA8CA-E6C9-42DB-B7EE-1D3028548AAB}.Release|Any CPU.ActiveCfg = Debug|Any CPU
		{CA5AA8CA-E6C9-42DB-B7EE-1D3028548AAB}.Release|Any CPU.Build.0 = Debug|Any CPU
		{344FBC0A-193E-4EC0-A4A0-8FF63E83BC16}.Debug|Any CPU.ActiveCfg = Debug|Any CPU
		{344FBC0A-193E-4EC0-A4A0-8FF63E83BC16}.Debug|Any CPU.Build.0 = Debug|Any CPU
		{344FBC0A-193E-4EC0-A4A0-8FF63E83BC16}.Release|Any CPU.ActiveCfg = Debug|Any CPU
		{344FBC0A-193E-4EC0-A4A0-8FF63E83BC16}.Release|Any CPU.Build.0 = Debug|Any CPU
		{99B07718-5F5E-4B6C-ACE1-39D8B21803CF}.Debug|Any CPU.ActiveCfg = Debug|Any CPU
		{99B07718-5F5E-4B6C-ACE1-39D8B21803CF}.Debug|Any CPU.Build.0 = Debug|Any CPU
		{99B07718-5F5E-4B6C-ACE1-39D8B21803CF}.Release|Any CPU.ActiveCfg = Debug|Any CPU
		{99B07718-5F5E-4B6C-ACE1-39D8B21803CF}.Release|Any CPU.Build.0 = Debug|Any CPU
		{3DD3F7B6-4FCD-4BBA-994A-65AEA4BCB8F3}.Debug|Any CPU.ActiveCfg = Debug|Any CPU
		{3DD3F7B6-4FCD-4BBA-994A-65AEA4BCB8F3}.Debug|Any CPU.Build.0 = Debug|Any CPU
		{3DD3F7B6-4FCD-4BBA-994A-65AEA4BCB8F3}.Release|Any CPU.ActiveCfg = Debug|Any CPU
		{3DD3F7B6-4FCD-4BBA-994A-65AEA4BCB8F3}.Release|Any CPU.Build.0 = Debug|Any CPU
		{623D822D-8C51-41CD-9E6D-D482E3848C04}.Debug|Any CPU.ActiveCfg = Debug|Any CPU
		{623D822D-8C51-41CD-9E6D-D482E3848C04}.Debug|Any CPU.Build.0 = Debug|Any CPU
		{623D822D-8C51-41CD-9E6D-D482E3848C04}.Release|Any CPU.ActiveCfg = Debug|Any CPU
		{623D822D-8C51-41CD-9E6D-D482E3848C04}.Release|Any CPU.Build.0 = Debug|Any CPU
	EndGlobalSection
	GlobalSection(SolutionProperties) = preSolution
		HideSolutionNode = FALSE
	EndGlobalSection
	GlobalSection(ExtensibilityGlobals) = postSolution
		SolutionGuid = {2858A4B3-3C51-4438-BFBB-D2E0F685AA9E}
	EndGlobalSection
EndGlobal
